{
  "requires": true,
  "lockfileVersion": 1,
  "dependencies": {
    "jquery": {
      "version": "3.3.1",
      "resolved": "https://registry.npmjs.org/jquery/-/jquery-3.3.1.tgz",
      "integrity": "sha512-Ubldcmxp5np52/ENotGxlLe6aGMvmF4R8S6tZjsP6Knsaxd/xp3Zrh50cG93lR6nPXyUFwzN3ZSOQI0wRJNdGg=="
    },
    "jquery-schedule": {
      "version": "2.0.1",
      "resolved": "https://registry.npmjs.org/jquery-schedule/-/jquery-schedule-2.0.1.tgz",
      "integrity": "sha512-gUID1xvnsIU6jO/fJ0AkojZbC4mbLEdH8+Bc2/FG7WvuukQOw4XloIBVfI4x2q1ppEmZTSYTMv4P5SkgB23QzA==",
      "requires": {
        "jquery": "3.3.1",
        "jquery-ui": "1.12.1"
      }
    },
    "jquery-ui": {
      "version": "1.12.1",
      "resolved": "https://registry.npmjs.org/jquery-ui/-/jquery-ui-1.12.1.tgz",
      "integrity": "sha1-vLQEXI3QU5wTS8FIjN0+dop6nlE="
    }
  }
}
